
Microsoft Visual Studio Solution File, Format Version 12.00
# Visual Studio 15
VisualStudioVersion = 15.0.26124.0
MinimumVisualStudioVersion = 15.0.26124.0
Project("{2150E333-8FDC-42A3-9474-1A3956D46DE8}") = "src", "src", "{A9B67A2D-F2FC-45DD-86C4-58C6208A29BE}"
EndProject
Project("{FAE04EC0-301F-11D3-BF4B-00C04F79EFBC}") = "PracticePlans.Common", "src\PracticePlans.Common\PracticePlans.Common.csproj", "{43951407-C826-408A-8353-20BB8493D510}"
EndProject
Project("{FAE04EC0-301F-11D3-BF4B-00C04F79EFBC}") = "PracticePlans.Common.Azure.Storage", "src\PracticePlans.Common.Azure.Storage\PracticePlans.Common.Azure.Storage.csproj", "{E6BA5A9F-05D5-4E8E-A5AC-258803AC7309}"
EndProject
Project("{FAE04EC0-301F-11D3-BF4B-00C04F79EFBC}") = "AzureTestConsole", "src\AzureTestConsole\AzureTestConsole.csproj", "{DAAFC729-4AED-4676-9E47-5F2701C96143}"
EndProject
Project("{FAE04EC0-301F-11D3-BF4B-00C04F79EFBC}") = "PracticePlans.WebApi", "src\PracticePlans.WebApi\PracticePlans.WebApi.csproj", "{2A483BD7-A1B5-4283-8D3C-30D009DE6CC2}"
EndProject
Global
	GlobalSection(SolutionConfigurationPlatforms) = preSolution
		Debug|Any CPU = Debug|Any CPU
		Debug|x64 = Debug|x64
		Debug|x86 = Debug|x86
		Release|Any CPU = Release|Any CPU
		Release|x64 = Release|x64
		Release|x86 = Release|x86
	EndGlobalSection
	GlobalSection(SolutionProperties) = preSolution
		HideSolutionNode = FALSE
	EndGlobalSection
	GlobalSection(ProjectConfigurationPlatforms) = postSolution
		{43951407-C826-408A-8353-20BB8493D510}.Debug|Any CPU.ActiveCfg = Debug|Any CPU
		{43951407-C826-408A-8353-20BB8493D510}.Debug|Any CPU.Build.0 = Debug|Any CPU
		{43951407-C826-408A-8353-20BB8493D510}.Debug|x64.ActiveCfg = Debug|Any CPU
		{43951407-C826-408A-8353-20BB8493D510}.Debug|x64.Build.0 = Debug|Any CPU
		{43951407-C826-408A-8353-20BB8493D510}.Debug|x86.ActiveCfg = Debug|Any CPU
		{43951407-C826-408A-8353-20BB8493D510}.Debug|x86.Build.0 = Debug|Any CPU
		{43951407-C826-408A-8353-20BB8493D510}.Release|Any CPU.ActiveCfg = Release|Any CPU
		{43951407-C826-408A-8353-20BB8493D510}.Release|Any CPU.Build.0 = Release|Any CPU
		{43951407-C826-408A-8353-20BB8493D510}.Release|x64.ActiveCfg = Release|Any CPU
		{43951407-C826-408A-8353-20BB8493D510}.Release|x64.Build.0 = Release|Any CPU
		{43951407-C826-408A-8353-20BB8493D510}.Release|x86.ActiveCfg = Release|Any CPU
		{43951407-C826-408A-8353-20BB8493D510}.Release|x86.Build.0 = Release|Any CPU
		{E6BA5A9F-05D5-4E8E-A5AC-258803AC7309}.Debug|Any CPU.ActiveCfg = Debug|Any CPU
		{E6BA5A9F-05D5-4E8E-A5AC-258803AC7309}.Debug|Any CPU.Build.0 = Debug|Any CPU
		{E6BA5A9F-05D5-4E8E-A5AC-258803AC7309}.Debug|x64.ActiveCfg = Debug|Any CPU
		{E6BA5A9F-05D5-4E8E-A5AC-258803AC7309}.Debug|x64.Build.0 = Debug|Any CPU
		{E6BA5A9F-05D5-4E8E-A5AC-258803AC7309}.Debug|x86.ActiveCfg = Debug|Any CPU
		{E6BA5A9F-05D5-4E8E-A5AC-258803AC7309}.Debug|x86.Build.0 = Debug|Any CPU
		{E6BA5A9F-05D5-4E8E-A5AC-258803AC7309}.Release|Any CPU.ActiveCfg = Release|Any CPU
		{E6BA5A9F-05D5-4E8E-A5AC-258803AC7309}.Release|Any CPU.Build.0 = Release|Any CPU
		{E6BA5A9F-05D5-4E8E-A5AC-258803AC7309}.Release|x64.ActiveCfg = Release|Any CPU
		{E6BA5A9F-05D5-4E8E-A5AC-258803AC7309}.Release|x64.Build.0 = Release|Any CPU
		{E6BA5A9F-05D5-4E8E-A5AC-258803AC7309}.Release|x86.ActiveCfg = Release|Any CPU
		{E6BA5A9F-05D5-4E8E-A5AC-258803AC7309}.Release|x86.Build.0 = Release|Any CPU
		{DAAFC729-4AED-4676-9E47-5F2701C96143}.Debug|Any CPU.ActiveCfg = Debug|Any CPU
		{DAAFC729-4AED-4676-9E47-5F2701C96143}.Debug|Any CPU.Build.0 = Debug|Any CPU
		{DAAFC729-4AED-4676-9E47-5F2701C96143}.Debug|x64.ActiveCfg = Debug|Any CPU
		{DAAFC729-4AED-4676-9E47-5F2701C96143}.Debug|x64.Build.0 = Debug|Any CPU
		{DAAFC729-4AED-4676-9E47-5F2701C96143}.Debug|x86.ActiveCfg = Debug|Any CPU
		{DAAFC729-4AED-4676-9E47-5F2701C96143}.Debug|x86.Build.0 = Debug|Any CPU
		{DAAFC729-4AED-4676-9E47-5F2701C96143}.Release|Any CPU.ActiveCfg = Release|Any CPU
		{DAAFC729-4AED-4676-9E47-5F2701C96143}.Release|Any CPU.Build.0 = Release|Any CPU
		{DAAFC729-4AED-4676-9E47-5F2701C96143}.Release|x64.ActiveCfg = Release|Any CPU
		{DAAFC729-4AED-4676-9E47-5F2701C96143}.Release|x64.Build.0 = Release|Any CPU
		{DAAFC729-4AED-4676-9E47-5F2701C96143}.Release|x86.ActiveCfg = Release|Any CPU
		{DAAFC729-4AED-4676-9E47-5F2701C96143}.Release|x86.Build.0 = Release|Any CPU
		{2A483BD7-A1B5-4283-8D3C-30D009DE6CC2}.Debug|Any CPU.ActiveCfg = Debug|Any CPU
		{2A483BD7-A1B5-4283-8D3C-30D009DE6CC2}.Debug|Any CPU.Build.0 = Debug|Any CPU
		{2A483BD7-A1B5-4283-8D3C-30D009DE6CC2}.Debug|x64.ActiveCfg = Debug|Any CPU
		{2A483BD7-A1B5-4283-8D3C-30D009DE6CC2}.Debug|x64.Build.0 = Debug|Any CPU
		{2A483BD7-A1B5-4283-8D3C-30D009DE6CC2}.Debug|x86.ActiveCfg = Debug|Any CPU
		{2A483BD7-A1B5-4283-8D3C-30D009DE6CC2}.Debug|x86.Build.0 = Debug|Any CPU
		{2A483BD7-A1B5-4283-8D3C-30D009DE6CC2}.Release|Any CPU.ActiveCfg = Release|Any CPU
		{2A483BD7-A1B5-4283-8D3C-30D009DE6CC2}.Release|Any CPU.Build.0 = Release|Any CPU
		{2A483BD7-A1B5-4283-8D3C-30D009DE6CC2}.Release|x64.ActiveCfg = Release|Any CPU
		{2A483BD7-A1B5-4283-8D3C-30D009DE6CC2}.Release|x64.Build.0 = Release|Any CPU
		{2A483BD7-A1B5-4283-8D3C-30D009DE6CC2}.Release|x86.ActiveCfg = Release|Any CPU
		{2A483BD7-A1B5-4283-8D3C-30D009DE6CC2}.Release|x86.Build.0 = Release|Any CPU
	EndGlobalSection
	GlobalSection(NestedProjects) = preSolution
		{43951407-C826-408A-8353-20BB8493D510} = {A9B67A2D-F2FC-45DD-86C4-58C6208A29BE}
		{E6BA5A9F-05D5-4E8E-A5AC-258803AC7309} = {A9B67A2D-F2FC-45DD-86C4-58C6208A29BE}
		{DAAFC729-4AED-4676-9E47-5F2701C96143} = {A9B67A2D-F2FC-45DD-86C4-58C6208A29BE}
		{2A483BD7-A1B5-4283-8D3C-30D009DE6CC2} = {A9B67A2D-F2FC-45DD-86C4-58C6208A29BE}
	EndGlobalSection
EndGlobal
